// !$*UTF8*$!
{
	archiveVersion = 1;
	classes = {
	};
	objectVersion = 46;
	objects = {

/* Begin PBXBuildFile section */
		526F3F6319301077008305FF /* main.m in Sources */ = {isa = PBXBuildFile; fileRef = 52B78462192FCB2C0013545F /* main.m */; };
		526F3F64193010C8008305FF /* WPLoginViewController.m in Sources */ = {isa = PBXBuildFile; fileRef = 52B784B01930056B0013545F /* WPLoginViewController.m */; };
		52A92E4A1948F06900E6C87F /* WPMembersViewController.m in Sources */ = {isa = PBXBuildFile; fileRef = 52A92E491948F06900E6C87F /* WPMembersViewController.m */; };
		52B78455192FCB2C0013545F /* Foundation.framework in Frameworks */ = {isa = PBXBuildFile; fileRef = 52B78454192FCB2C0013545F /* Foundation.framework */; };
		52B78457192FCB2C0013545F /* CoreGraphics.framework in Frameworks */ = {isa = PBXBuildFile; fileRef = 52B78456192FCB2C0013545F /* CoreGraphics.framework */; };
		52B78459192FCB2C0013545F /* UIKit.framework in Frameworks */ = {isa = PBXBuildFile; fileRef = 52B78458192FCB2C0013545F /* UIKit.framework */; };
		52B7845B192FCB2C0013545F /* CoreData.framework in Frameworks */ = {isa = PBXBuildFile; fileRef = 52B7845A192FCB2C0013545F /* CoreData.framework */; };
		52B78461192FCB2C0013545F /* InfoPlist.strings in Resources */ = {isa = PBXBuildFile; fileRef = 52B7845F192FCB2C0013545F /* InfoPlist.strings */; };
		52B78467192FCB2C0013545F /* WPAppDelegate.m in Sources */ = {isa = PBXBuildFile; fileRef = 52B78466192FCB2C0013545F /* WPAppDelegate.m */; };
		52B7846A192FCB2C0013545F /* WhoPays_.xcdatamodeld in Sources */ = {isa = PBXBuildFile; fileRef = 52B78468192FCB2C0013545F /* WhoPays_.xcdatamodeld */; };
		52B7846C192FCB2C0013545F /* Images.xcassets in Resources */ = {isa = PBXBuildFile; fileRef = 52B7846B192FCB2C0013545F /* Images.xcassets */; };
		52B78473192FCB2C0013545F /* XCTest.framework in Frameworks */ = {isa = PBXBuildFile; fileRef = 52B78472192FCB2C0013545F /* XCTest.framework */; };
		52B78474192FCB2C0013545F /* Foundation.framework in Frameworks */ = {isa = PBXBuildFile; fileRef = 52B78454192FCB2C0013545F /* Foundation.framework */; };
		52B78475192FCB2C0013545F /* UIKit.framework in Frameworks */ = {isa = PBXBuildFile; fileRef = 52B78458192FCB2C0013545F /* UIKit.framework */; };
		52B78476192FCB2C0013545F /* CoreData.framework in Frameworks */ = {isa = PBXBuildFile; fileRef = 52B7845A192FCB2C0013545F /* CoreData.framework */; };
		52B7847E192FCB2C0013545F /* InfoPlist.strings in Resources */ = {isa = PBXBuildFile; fileRef = 52B7847C192FCB2C0013545F /* InfoPlist.strings */; };
		52B78480192FCB2C0013545F /* WhoPays_Tests.m in Sources */ = {isa = PBXBuildFile; fileRef = 52B7847F192FCB2C0013545F /* WhoPays_Tests.m */; };
		52B7848A192FCBC20013545F /* WhoPays.storyboard in Resources */ = {isa = PBXBuildFile; fileRef = 52B78489192FCBC20013545F /* WhoPays.storyboard */; };
		52B7848D192FCD3A0013545F /* WPWelcomeViewController.m in Sources */ = {isa = PBXBuildFile; fileRef = 52B7848C192FCD3A0013545F /* WPWelcomeViewController.m */; };
		52B784DD19300E100013545F /* NSMutableURLRequest+Parameters.m in Sources */ = {isa = PBXBuildFile; fileRef = 52B784B519300E100013545F /* NSMutableURLRequest+Parameters.m */; settings = {COMPILER_FLAGS = "-fno-objc-arc"; }; };
		52B784DE19300E100013545F /* NSString+URLEncoding.m in Sources */ = {isa = PBXBuildFile; fileRef = 52B784B719300E100013545F /* NSString+URLEncoding.m */; settings = {COMPILER_FLAGS = "-fno-objc-arc"; }; };
		52B784DF19300E100013545F /* NSURL+Base.m in Sources */ = {isa = PBXBuildFile; fileRef = 52B784B919300E100013545F /* NSURL+Base.m */; settings = {COMPILER_FLAGS = "-fno-objc-arc"; }; };
		52B784E019300E100013545F /* Base64Transcoder.c in Sources */ = {isa = PBXBuildFile; fileRef = 52B784BB19300E100013545F /* Base64Transcoder.c */; settings = {COMPILER_FLAGS = "-fno-objc-arc"; }; };
		52B784E119300E100013545F /* hmac.c in Sources */ = {isa = PBXBuildFile; fileRef = 52B784BD19300E100013545F /* hmac.c */; settings = {COMPILER_FLAGS = "-fno-objc-arc"; }; };
		52B784E219300E100013545F /* sha1.c in Sources */ = {isa = PBXBuildFile; fileRef = 52B784BF19300E100013545F /* sha1.c */; settings = {COMPILER_FLAGS = "-fno-objc-arc"; }; };
		52B784E319300E100013545F /* OAAttachment.m in Sources */ = {isa = PBXBuildFile; fileRef = 52B784C219300E100013545F /* OAAttachment.m */; settings = {COMPILER_FLAGS = "-fno-objc-arc"; }; };
		52B784E419300E100013545F /* OACall.m in Sources */ = {isa = PBXBuildFile; fileRef = 52B784C419300E100013545F /* OACall.m */; settings = {COMPILER_FLAGS = "-fno-objc-arc"; }; };
		52B784E519300E100013545F /* OAConsumer.m in Sources */ = {isa = PBXBuildFile; fileRef = 52B784C619300E100013545F /* OAConsumer.m */; settings = {COMPILER_FLAGS = "-fno-objc-arc"; }; };
		52B784E619300E100013545F /* OADataFetcher.m in Sources */ = {isa = PBXBuildFile; fileRef = 52B784C819300E100013545F /* OADataFetcher.m */; settings = {COMPILER_FLAGS = "-fno-objc-arc"; }; };
		52B784E719300E100013545F /* OAHMAC_SHA1SignatureProvider.m in Sources */ = {isa = PBXBuildFile; fileRef = 52B784CA19300E100013545F /* OAHMAC_SHA1SignatureProvider.m */; settings = {COMPILER_FLAGS = "-fno-objc-arc"; }; };
		52B784E819300E100013545F /* OAMutableURLRequest.m in Sources */ = {isa = PBXBuildFile; fileRef = 52B784CC19300E100013545F /* OAMutableURLRequest.m */; settings = {COMPILER_FLAGS = "-fno-objc-arc"; }; };
		52B784E919300E100013545F /* OAPlaintextSignatureProvider.m in Sources */ = {isa = PBXBuildFile; fileRef = 52B784CE19300E100013545F /* OAPlaintextSignatureProvider.m */; settings = {COMPILER_FLAGS = "-fno-objc-arc"; }; };
		52B784EA19300E100013545F /* OAProblem.m in Sources */ = {isa = PBXBuildFile; fileRef = 52B784D019300E100013545F /* OAProblem.m */; settings = {COMPILER_FLAGS = "-fno-objc-arc"; }; };
		52B784EB19300E100013545F /* OARequestParameter.m in Sources */ = {isa = PBXBuildFile; fileRef = 52B784D219300E100013545F /* OARequestParameter.m */; settings = {COMPILER_FLAGS = "-fno-objc-arc"; }; };
		52B784EC19300E100013545F /* OAServiceTicket.m in Sources */ = {isa = PBXBuildFile; fileRef = 52B784D419300E100013545F /* OAServiceTicket.m */; settings = {COMPILER_FLAGS = "-fno-objc-arc"; }; };
		52B784ED19300E100013545F /* OATestServer.rb in Resources */ = {isa = PBXBuildFile; fileRef = 52B784D619300E100013545F /* OATestServer.rb */; };
		52B784EE19300E100013545F /* OAToken.m in Sources */ = {isa = PBXBuildFile; fileRef = 52B784D819300E100013545F /* OAToken.m */; settings = {COMPILER_FLAGS = "-fno-objc-arc"; }; };
		52B784EF19300E100013545F /* OATokenManager.m in Sources */ = {isa = PBXBuildFile; fileRef = 52B784DA19300E100013545F /* OATokenManager.m */; settings = {COMPILER_FLAGS = "-fno-objc-arc"; }; };
		52B784F019300E100013545F /* README in Resources */ = {isa = PBXBuildFile; fileRef = 52B784DC19300E100013545F /* README */; };
		52D19C401947CAB400AB2964 /* WPGroupsViewController.m in Sources */ = {isa = PBXBuildFile; fileRef = 52D19C3F1947CAB400AB2964 /* WPGroupsViewController.m */; };
/* End PBXBuildFile section */

/* Begin PBXContainerItemProxy section */
		52B78477192FCB2C0013545F /* PBXContainerItemProxy */ = {
			isa = PBXContainerItemProxy;
			containerPortal = 52B78449192FCB2C0013545F /* Project object */;
			proxyType = 1;
			remoteGlobalIDString = 52B78450192FCB2C0013545F;
			remoteInfo = "WhoPays?";
		};
/* End PBXContainerItemProxy section */

/* Begin PBXFileReference section */
		52A92E481948F06900E6C87F /* WPMembersViewController.h */ = {isa = PBXFileReference; fileEncoding = 4; lastKnownFileType = sourcecode.c.h; path = WPMembersViewController.h; sourceTree = "<group>"; };
		52A92E491948F06900E6C87F /* WPMembersViewController.m */ = {isa = PBXFileReference; fileEncoding = 4; lastKnownFileType = sourcecode.c.objc; path = WPMembersViewController.m; sourceTree = "<group>"; };
		52B78451192FCB2C0013545F /* WhoPays?.app */ = {isa = PBXFileReference; explicitFileType = wrapper.application; includeInIndex = 0; path = "WhoPays?.app"; sourceTree = BUILT_PRODUCTS_DIR; };
		52B78454192FCB2C0013545F /* Foundation.framework */ = {isa = PBXFileReference; lastKnownFileType = wrapper.framework; name = Foundation.framework; path = System/Library/Frameworks/Foundation.framework; sourceTree = SDKROOT; };
		52B78456192FCB2C0013545F /* CoreGraphics.framework */ = {isa = PBXFileReference; lastKnownFileType = wrapper.framework; name = CoreGraphics.framework; path = System/Library/Frameworks/CoreGraphics.framework; sourceTree = SDKROOT; };
		52B78458192FCB2C0013545F /* UIKit.framework */ = {isa = PBXFileReference; lastKnownFileType = wrapper.framework; name = UIKit.framework; path = System/Library/Frameworks/UIKit.framework; sourceTree = SDKROOT; };
		52B7845A192FCB2C0013545F /* CoreData.framework */ = {isa = PBXFileReference; lastKnownFileType = wrapper.framework; name = CoreData.framework; path = System/Library/Frameworks/CoreData.framework; sourceTree = SDKROOT; };
		52B7845E192FCB2C0013545F /* WhoPays?-Info.plist */ = {isa = PBXFileReference; lastKnownFileType = text.plist.xml; path = "WhoPays?-Info.plist"; sourceTree = "<group>"; };
		52B78460192FCB2C0013545F /* en */ = {isa = PBXFileReference; lastKnownFileType = text.plist.strings; name = en; path = en.lproj/InfoPlist.strings; sourceTree = "<group>"; };
		52B78462192FCB2C0013545F /* main.m */ = {isa = PBXFileReference; lastKnownFileType = sourcecode.c.objc; path = main.m; sourceTree = "<group>"; };
		52B78464192FCB2C0013545F /* WhoPays?-Prefix.pch */ = {isa = PBXFileReference; lastKnownFileType = sourcecode.c.h; path = "WhoPays?-Prefix.pch"; sourceTree = "<group>"; };
		52B78465192FCB2C0013545F /* WPAppDelegate.h */ = {isa = PBXFileReference; lastKnownFileType = sourcecode.c.h; path = WPAppDelegate.h; sourceTree = "<group>"; };
		52B78466192FCB2C0013545F /* WPAppDelegate.m */ = {isa = PBXFileReference; lastKnownFileType = sourcecode.c.objc; path = WPAppDelegate.m; sourceTree = "<group>"; };
		52B78469192FCB2C0013545F /* WhoPays_.xcdatamodel */ = {isa = PBXFileReference; lastKnownFileType = wrapper.xcdatamodel; path = WhoPays_.xcdatamodel; sourceTree = "<group>"; };
		52B7846B192FCB2C0013545F /* Images.xcassets */ = {isa = PBXFileReference; lastKnownFileType = folder.assetcatalog; path = Images.xcassets; sourceTree = "<group>"; };
		52B78471192FCB2C0013545F /* WhoPays?Tests.xctest */ = {isa = PBXFileReference; explicitFileType = wrapper.cfbundle; includeInIndex = 0; path = "WhoPays?Tests.xctest"; sourceTree = BUILT_PRODUCTS_DIR; };
		52B78472192FCB2C0013545F /* XCTest.framework */ = {isa = PBXFileReference; lastKnownFileType = wrapper.framework; name = XCTest.framework; path = Library/Frameworks/XCTest.framework; sourceTree = DEVELOPER_DIR; };
		52B7847B192FCB2C0013545F /* WhoPays?Tests-Info.plist */ = {isa = PBXFileReference; lastKnownFileType = text.plist.xml; path = "WhoPays?Tests-Info.plist"; sourceTree = "<group>"; };
		52B7847D192FCB2C0013545F /* en */ = {isa = PBXFileReference; lastKnownFileType = text.plist.strings; name = en; path = en.lproj/InfoPlist.strings; sourceTree = "<group>"; };
		52B7847F192FCB2C0013545F /* WhoPays_Tests.m */ = {isa = PBXFileReference; lastKnownFileType = sourcecode.c.objc; path = WhoPays_Tests.m; sourceTree = "<group>"; };
		52B78489192FCBC20013545F /* WhoPays.storyboard */ = {isa = PBXFileReference; fileEncoding = 4; lastKnownFileType = file.storyboard; path = WhoPays.storyboard; sourceTree = "<group>"; };
		52B7848B192FCD3A0013545F /* WPWelcomeViewController.h */ = {isa = PBXFileReference; fileEncoding = 4; lastKnownFileType = sourcecode.c.h; path = WPWelcomeViewController.h; sourceTree = "<group>"; };
		52B7848C192FCD3A0013545F /* WPWelcomeViewController.m */ = {isa = PBXFileReference; fileEncoding = 4; lastKnownFileType = sourcecode.c.objc; path = WPWelcomeViewController.m; sourceTree = "<group>"; };
		52B784AF1930056B0013545F /* WPLoginViewController.h */ = {isa = PBXFileReference; fileEncoding = 4; lastKnownFileType = sourcecode.c.h; path = WPLoginViewController.h; sourceTree = "<group>"; };
		52B784B01930056B0013545F /* WPLoginViewController.m */ = {isa = PBXFileReference; fileEncoding = 4; lastKnownFileType = sourcecode.c.objc; path = WPLoginViewController.m; sourceTree = "<group>"; };
		52B784B419300E100013545F /* NSMutableURLRequest+Parameters.h */ = {isa = PBXFileReference; fileEncoding = 4; lastKnownFileType = sourcecode.c.h; path = "NSMutableURLRequest+Parameters.h"; sourceTree = "<group>"; };
		52B784B519300E100013545F /* NSMutableURLRequest+Parameters.m */ = {isa = PBXFileReference; fileEncoding = 4; lastKnownFileType = sourcecode.c.objc; path = "NSMutableURLRequest+Parameters.m"; sourceTree = "<group>"; };
		52B784B619300E100013545F /* NSString+URLEncoding.h */ = {isa = PBXFileReference; fileEncoding = 4; lastKnownFileType = sourcecode.c.h; path = "NSString+URLEncoding.h"; sourceTree = "<group>"; };
		52B784B719300E100013545F /* NSString+URLEncoding.m */ = {isa = PBXFileReference; fileEncoding = 4; lastKnownFileType = sourcecode.c.objc; path = "NSString+URLEncoding.m"; sourceTree = "<group>"; };
		52B784B819300E100013545F /* NSURL+Base.h */ = {isa = PBXFileReference; fileEncoding = 4; lastKnownFileType = sourcecode.c.h; path = "NSURL+Base.h"; sourceTree = "<group>"; };
		52B784B919300E100013545F /* NSURL+Base.m */ = {isa = PBXFileReference; fileEncoding = 4; lastKnownFileType = sourcecode.c.objc; path = "NSURL+Base.m"; sourceTree = "<group>"; };
		52B784BB19300E100013545F /* Base64Transcoder.c */ = {isa = PBXFileReference; fileEncoding = 4; lastKnownFileType = sourcecode.c.c; path = Base64Transcoder.c; sourceTree = "<group>"; };
		52B784BC19300E100013545F /* Base64Transcoder.h */ = {isa = PBXFileReference; fileEncoding = 4; lastKnownFileType = sourcecode.c.h; path = Base64Transcoder.h; sourceTree = "<group>"; };
		52B784BD19300E100013545F /* hmac.c */ = {isa = PBXFileReference; fileEncoding = 4; lastKnownFileType = sourcecode.c.c; path = hmac.c; sourceTree = "<group>"; };
		52B784BE19300E100013545F /* hmac.h */ = {isa = PBXFileReference; fileEncoding = 4; lastKnownFileType = sourcecode.c.h; path = hmac.h; sourceTree = "<group>"; };
		52B784BF19300E100013545F /* sha1.c */ = {isa = PBXFileReference; fileEncoding = 4; lastKnownFileType = sourcecode.c.c; path = sha1.c; sourceTree = "<group>"; };
		52B784C019300E100013545F /* sha1.h */ = {isa = PBXFileReference; fileEncoding = 4; lastKnownFileType = sourcecode.c.h; path = sha1.h; sourceTree = "<group>"; };
		52B784C119300E100013545F /* OAAttachment.h */ = {isa = PBXFileReference; fileEncoding = 4; lastKnownFileType = sourcecode.c.h; path = OAAttachment.h; sourceTree = "<group>"; };
		52B784C219300E100013545F /* OAAttachment.m */ = {isa = PBXFileReference; fileEncoding = 4; lastKnownFileType = sourcecode.c.objc; path = OAAttachment.m; sourceTree = "<group>"; };
		52B784C319300E100013545F /* OACall.h */ = {isa = PBXFileReference; fileEncoding = 4; lastKnownFileType = sourcecode.c.h; path = OACall.h; sourceTree = "<group>"; };
		52B784C419300E100013545F /* OACall.m */ = {isa = PBXFileReference; fileEncoding = 4; lastKnownFileType = sourcecode.c.objc; path = OACall.m; sourceTree = "<group>"; };
		52B784C519300E100013545F /* OAConsumer.h */ = {isa = PBXFileReference; fileEncoding = 4; lastKnownFileType = sourcecode.c.h; path = OAConsumer.h; sourceTree = "<group>"; };
		52B784C619300E100013545F /* OAConsumer.m */ = {isa = PBXFileReference; fileEncoding = 4; lastKnownFileType = sourcecode.c.objc; path = OAConsumer.m; sourceTree = "<group>"; };
		52B784C719300E100013545F /* OADataFetcher.h */ = {isa = PBXFileReference; fileEncoding = 4; lastKnownFileType = sourcecode.c.h; path = OADataFetcher.h; sourceTree = "<group>"; };
		52B784C819300E100013545F /* OADataFetcher.m */ = {isa = PBXFileReference; fileEncoding = 4; lastKnownFileType = sourcecode.c.objc; path = OADataFetcher.m; sourceTree = "<group>"; };
		52B784C919300E100013545F /* OAHMAC_SHA1SignatureProvider.h */ = {isa = PBXFileReference; fileEncoding = 4; lastKnownFileType = sourcecode.c.h; path = OAHMAC_SHA1SignatureProvider.h; sourceTree = "<group>"; };
		52B784CA19300E100013545F /* OAHMAC_SHA1SignatureProvider.m */ = {isa = PBXFileReference; fileEncoding = 4; lastKnownFileType = sourcecode.c.objc; path = OAHMAC_SHA1SignatureProvider.m; sourceTree = "<group>"; };
		52B784CB19300E100013545F /* OAMutableURLRequest.h */ = {isa = PBXFileReference; fileEncoding = 4; lastKnownFileType = sourcecode.c.h; path = OAMutableURLRequest.h; sourceTree = "<group>"; };
		52B784CC19300E100013545F /* OAMutableURLRequest.m */ = {isa = PBXFileReference; fileEncoding = 4; lastKnownFileType = sourcecode.c.objc; path = OAMutableURLRequest.m; sourceTree = "<group>"; };
		52B784CD19300E100013545F /* OAPlaintextSignatureProvider.h */ = {isa = PBXFileReference; fileEncoding = 4; lastKnownFileType = sourcecode.c.h; path = OAPlaintextSignatureProvider.h; sourceTree = "<group>"; };
		52B784CE19300E100013545F /* OAPlaintextSignatureProvider.m */ = {isa = PBXFileReference; fileEncoding = 4; lastKnownFileType = sourcecode.c.objc; path = OAPlaintextSignatureProvider.m; sourceTree = "<group>"; };
		52B784CF19300E100013545F /* OAProblem.h */ = {isa = PBXFileReference; fileEncoding = 4; lastKnownFileType = sourcecode.c.h; path = OAProblem.h; sourceTree = "<group>"; };
		52B784D019300E100013545F /* OAProblem.m */ = {isa = PBXFileReference; fileEncoding = 4; lastKnownFileType = sourcecode.c.objc; path = OAProblem.m; sourceTree = "<group>"; };
		52B784D119300E100013545F /* OARequestParameter.h */ = {isa = PBXFileReference; fileEncoding = 4; lastKnownFileType = sourcecode.c.h; path = OARequestParameter.h; sourceTree = "<group>"; };
		52B784D219300E100013545F /* OARequestParameter.m */ = {isa = PBXFileReference; fileEncoding = 4; lastKnownFileType = sourcecode.c.objc; path = OARequestParameter.m; sourceTree = "<group>"; };
		52B784D319300E100013545F /* OAServiceTicket.h */ = {isa = PBXFileReference; fileEncoding = 4; lastKnownFileType = sourcecode.c.h; path = OAServiceTicket.h; sourceTree = "<group>"; };
		52B784D419300E100013545F /* OAServiceTicket.m */ = {isa = PBXFileReference; fileEncoding = 4; lastKnownFileType = sourcecode.c.objc; path = OAServiceTicket.m; sourceTree = "<group>"; };
		52B784D519300E100013545F /* OASignatureProviding.h */ = {isa = PBXFileReference; fileEncoding = 4; lastKnownFileType = sourcecode.c.h; path = OASignatureProviding.h; sourceTree = "<group>"; };
		52B784D619300E100013545F /* OATestServer.rb */ = {isa = PBXFileReference; fileEncoding = 4; lastKnownFileType = text.script.ruby; path = OATestServer.rb; sourceTree = "<group>"; };
		52B784D719300E100013545F /* OAToken.h */ = {isa = PBXFileReference; fileEncoding = 4; lastKnownFileType = sourcecode.c.h; path = OAToken.h; sourceTree = "<group>"; };
		52B784D819300E100013545F /* OAToken.m */ = {isa = PBXFileReference; fileEncoding = 4; lastKnownFileType = sourcecode.c.objc; path = OAToken.m; sourceTree = "<group>"; };
		52B784D919300E100013545F /* OATokenManager.h */ = {isa = PBXFileReference; fileEncoding = 4; lastKnownFileType = sourcecode.c.h; path = OATokenManager.h; sourceTree = "<group>"; };
		52B784DA19300E100013545F /* OATokenManager.m */ = {isa = PBXFileReference; fileEncoding = 4; lastKnownFileType = sourcecode.c.objc; path = OATokenManager.m; sourceTree = "<group>"; };
		52B784DB19300E100013545F /* OAuthConsumer.h */ = {isa = PBXFileReference; fileEncoding = 4; lastKnownFileType = sourcecode.c.h; path = OAuthConsumer.h; sourceTree = "<group>"; };
		52B784DC19300E100013545F /* README */ = {isa = PBXFileReference; fileEncoding = 4; lastKnownFileType = text; path = README; sourceTree = "<group>"; };
		52D19C3E1947CAB400AB2964 /* WPGroupsViewController.h */ = {isa = PBXFileReference; fileEncoding = 4; lastKnownFileType = sourcecode.c.h; path = WPGroupsViewController.h; sourceTree = "<group>"; };
		52D19C3F1947CAB400AB2964 /* WPGroupsViewController.m */ = {isa = PBXFileReference; fileEncoding = 4; lastKnownFileType = sourcecode.c.objc; path = WPGroupsViewController.m; sourceTree = "<group>"; };
/* End PBXFileReference section */

/* Begin PBXFrameworksBuildPhase section */
		52B7844E192FCB2C0013545F /* Frameworks */ = {
			isa = PBXFrameworksBuildPhase;
			buildActionMask = 2147483647;
			files = (
				52B78457192FCB2C0013545F /* CoreGraphics.framework in Frameworks */,
				52B7845B192FCB2C0013545F /* CoreData.framework in Frameworks */,
				52B78459192FCB2C0013545F /* UIKit.framework in Frameworks */,
				52B78455192FCB2C0013545F /* Foundation.framework in Frameworks */,
			);
			runOnlyForDeploymentPostprocessing = 0;
		};
		52B7846E192FCB2C0013545F /* Frameworks */ = {
			isa = PBXFrameworksBuildPhase;
			buildActionMask = 2147483647;
			files = (
				52B78473192FCB2C0013545F /* XCTest.framework in Frameworks */,
				52B78476192FCB2C0013545F /* CoreData.framework in Frameworks */,
				52B78475192FCB2C0013545F /* UIKit.framework in Frameworks */,
				52B78474192FCB2C0013545F /* Foundation.framework in Frameworks */,
			);
			runOnlyForDeploymentPostprocessing = 0;
		};
/* End PBXFrameworksBuildPhase section */

/* Begin PBXGroup section */
		52B78448192FCB2C0013545F = {
			isa = PBXGroup;
			children = (
				52B784B219300E100013545F /* oauthconsumer */,
				52B7845C192FCB2C0013545F /* WhoPays? */,
				52B78479192FCB2C0013545F /* WhoPays?Tests */,
				52B78453192FCB2C0013545F /* Frameworks */,
				52B78452192FCB2C0013545F /* Products */,
			);
			sourceTree = "<group>";
		};
		52B78452192FCB2C0013545F /* Products */ = {
			isa = PBXGroup;
			children = (
				52B78451192FCB2C0013545F /* WhoPays?.app */,
				52B78471192FCB2C0013545F /* WhoPays?Tests.xctest */,
			);
			name = Products;
			sourceTree = "<group>";
		};
		52B78453192FCB2C0013545F /* Frameworks */ = {
			isa = PBXGroup;
			children = (
				52B78454192FCB2C0013545F /* Foundation.framework */,
				52B78456192FCB2C0013545F /* CoreGraphics.framework */,
				52B78458192FCB2C0013545F /* UIKit.framework */,
				52B7845A192FCB2C0013545F /* CoreData.framework */,
				52B78472192FCB2C0013545F /* XCTest.framework */,
			);
			name = Frameworks;
			sourceTree = "<group>";
		};
		52B7845C192FCB2C0013545F /* WhoPays? */ = {
			isa = PBXGroup;
			children = (
				52B78465192FCB2C0013545F /* WPAppDelegate.h */,
				52B78466192FCB2C0013545F /* WPAppDelegate.m */,
				52B7846B192FCB2C0013545F /* Images.xcassets */,
				52B78468192FCB2C0013545F /* WhoPays_.xcdatamodeld */,
				52B7845D192FCB2C0013545F /* Supporting Files */,
				52B78489192FCBC20013545F /* WhoPays.storyboard */,
				52B7848B192FCD3A0013545F /* WPWelcomeViewController.h */,
				52B7848C192FCD3A0013545F /* WPWelcomeViewController.m */,
				52B784AF1930056B0013545F /* WPLoginViewController.h */,
				52B784B01930056B0013545F /* WPLoginViewController.m */,
				52D19C3E1947CAB400AB2964 /* WPGroupsViewController.h */,
				52D19C3F1947CAB400AB2964 /* WPGroupsViewController.m */,
				52A92E481948F06900E6C87F /* WPMembersViewController.h */,
				52A92E491948F06900E6C87F /* WPMembersViewController.m */,
			);
			path = "WhoPays?";
			sourceTree = "<group>";
		};
		52B7845D192FCB2C0013545F /* Supporting Files */ = {
			isa = PBXGroup;
			children = (
				52B7845E192FCB2C0013545F /* WhoPays?-Info.plist */,
				52B7845F192FCB2C0013545F /* InfoPlist.strings */,
				52B78462192FCB2C0013545F /* main.m */,
				52B78464192FCB2C0013545F /* WhoPays?-Prefix.pch */,
			);
			name = "Supporting Files";
			sourceTree = "<group>";
		};
		52B78479192FCB2C0013545F /* WhoPays?Tests */ = {
			isa = PBXGroup;
			children = (
				52B7847F192FCB2C0013545F /* WhoPays_Tests.m */,
				52B7847A192FCB2C0013545F /* Supporting Files */,
			);
			path = "WhoPays?Tests";
			sourceTree = "<group>";
		};
		52B7847A192FCB2C0013545F /* Supporting Files */ = {
			isa = PBXGroup;
			children = (
				52B7847B192FCB2C0013545F /* WhoPays?Tests-Info.plist */,
				52B7847C192FCB2C0013545F /* InfoPlist.strings */,
			);
			name = "Supporting Files";
			sourceTree = "<group>";
		};
		52B784B219300E100013545F /* oauthconsumer */ = {
			isa = PBXGroup;
			children = (
				52B784B319300E100013545F /* Categories */,
				52B784BA19300E100013545F /* Crypto */,
				52B784C119300E100013545F /* OAAttachment.h */,
				52B784C219300E100013545F /* OAAttachment.m */,
				52B784C319300E100013545F /* OACall.h */,
				52B784C419300E100013545F /* OACall.m */,
				52B784C519300E100013545F /* OAConsumer.h */,
				52B784C619300E100013545F /* OAConsumer.m */,
				52B784C719300E100013545F /* OADataFetcher.h */,
				52B784C819300E100013545F /* OADataFetcher.m */,
				52B784C919300E100013545F /* OAHMAC_SHA1SignatureProvider.h */,
				52B784CA19300E100013545F /* OAHMAC_SHA1SignatureProvider.m */,
				52B784CB19300E100013545F /* OAMutableURLRequest.h */,
				52B784CC19300E100013545F /* OAMutableURLRequest.m */,
				52B784CD19300E100013545F /* OAPlaintextSignatureProvider.h */,
				52B784CE19300E100013545F /* OAPlaintextSignatureProvider.m */,
				52B784CF19300E100013545F /* OAProblem.h */,
				52B784D019300E100013545F /* OAProblem.m */,
				52B784D119300E100013545F /* OARequestParameter.h */,
				52B784D219300E100013545F /* OARequestParameter.m */,
				52B784D319300E100013545F /* OAServiceTicket.h */,
				52B784D419300E100013545F /* OAServiceTicket.m */,
				52B784D519300E100013545F /* OASignatureProviding.h */,
				52B784D619300E100013545F /* OATestServer.rb */,
				52B784D719300E100013545F /* OAToken.h */,
				52B784D819300E100013545F /* OAToken.m */,
				52B784D919300E100013545F /* OATokenManager.h */,
				52B784DA19300E100013545F /* OATokenManager.m */,
				52B784DB19300E100013545F /* OAuthConsumer.h */,
				52B784DC19300E100013545F /* README */,
			);
			path = oauthconsumer;
			sourceTree = "<group>";
		};
		52B784B319300E100013545F /* Categories */ = {
			isa = PBXGroup;
			children = (
				52B784B419300E100013545F /* NSMutableURLRequest+Parameters.h */,
				52B784B519300E100013545F /* NSMutableURLRequest+Parameters.m */,
				52B784B619300E100013545F /* NSString+URLEncoding.h */,
				52B784B719300E100013545F /* NSString+URLEncoding.m */,
				52B784B819300E100013545F /* NSURL+Base.h */,
				52B784B919300E100013545F /* NSURL+Base.m */,
			);
			path = Categories;
			sourceTree = "<group>";
		};
		52B784BA19300E100013545F /* Crypto */ = {
			isa = PBXGroup;
			children = (
				52B784BB19300E100013545F /* Base64Transcoder.c */,
				52B784BC19300E100013545F /* Base64Transcoder.h */,
				52B784BD19300E100013545F /* hmac.c */,
				52B784BE19300E100013545F /* hmac.h */,
				52B784BF19300E100013545F /* sha1.c */,
				52B784C019300E100013545F /* sha1.h */,
			);
			path = Crypto;
			sourceTree = "<group>";
		};
/* End PBXGroup section */

/* Begin PBXNativeTarget section */
		52B78450192FCB2C0013545F /* WhoPays? */ = {
			isa = PBXNativeTarget;
			buildConfigurationList = 52B78483192FCB2C0013545F /* Build configuration list for PBXNativeTarget "WhoPays?" */;
			buildPhases = (
				52B7844D192FCB2C0013545F /* Sources */,
				52B7844E192FCB2C0013545F /* Frameworks */,
				52B7844F192FCB2C0013545F /* Resources */,
			);
			buildRules = (
			);
			dependencies = (
			);
			name = "WhoPays?";
			productName = "WhoPays?";
			productReference = 52B78451192FCB2C0013545F /* WhoPays?.app */;
			productType = "com.apple.product-type.application";
		};
		52B78470192FCB2C0013545F /* WhoPays?Tests */ = {
			isa = PBXNativeTarget;
			buildConfigurationList = 52B78486192FCB2C0013545F /* Build configuration list for PBXNativeTarget "WhoPays?Tests" */;
			buildPhases = (
				52B7846D192FCB2C0013545F /* Sources */,
				52B7846E192FCB2C0013545F /* Frameworks */,
				52B7846F192FCB2C0013545F /* Resources */,
			);
			buildRules = (
			);
			dependencies = (
				52B78478192FCB2C0013545F /* PBXTargetDependency */,
			);
			name = "WhoPays?Tests";
			productName = "WhoPays?Tests";
			productReference = 52B78471192FCB2C0013545F /* WhoPays?Tests.xctest */;
			productType = "com.apple.product-type.bundle.unit-test";
		};
/* End PBXNativeTarget section */

/* Begin PBXProject section */
		52B78449192FCB2C0013545F /* Project object */ = {
			isa = PBXProject;
			attributes = {
				CLASSPREFIX = WP;
				LastUpgradeCheck = 0500;
				ORGANIZATIONNAME = "Malcolm Crum";
				TargetAttributes = {
					52B78470192FCB2C0013545F = {
						TestTargetID = 52B78450192FCB2C0013545F;
					};
				};
			};
			buildConfigurationList = 52B7844C192FCB2C0013545F /* Build configuration list for PBXProject "WhoPays?" */;
			compatibilityVersion = "Xcode 3.2";
			developmentRegion = English;
			hasScannedForEncodings = 0;
			knownRegions = (
				en,
			);
			mainGroup = 52B78448192FCB2C0013545F;
			productRefGroup = 52B78452192FCB2C0013545F /* Products */;
			projectDirPath = "";
			projectRoot = "";
			targets = (
				52B78450192FCB2C0013545F /* WhoPays? */,
				52B78470192FCB2C0013545F /* WhoPays?Tests */,
			);
		};
/* End PBXProject section */

/* Begin PBXResourcesBuildPhase section */
		52B7844F192FCB2C0013545F /* Resources */ = {
			isa = PBXResourcesBuildPhase;
			buildActionMask = 2147483647;
			files = (
				52B784F019300E100013545F /* README in Resources */,
				52B784ED19300E100013545F /* OATestServer.rb in Resources */,
				52B78461192FCB2C0013545F /* InfoPlist.strings in Resources */,
				52B7848A192FCBC20013545F /* WhoPays.storyboard in Resources */,
				52B7846C192FCB2C0013545F /* Images.xcassets in Resources */,
			);
			runOnlyForDeploymentPostprocessing = 0;
		};
		52B7846F192FCB2C0013545F /* Resources */ = {
			isa = PBXResourcesBuildPhase;
			buildActionMask = 2147483647;
			files = (
				52B7847E192FCB2C0013545F /* InfoPlist.strings in Resources */,
			);
			runOnlyForDeploymentPostprocessing = 0;
		};
/* End PBXResourcesBuildPhase section */

/* Begin PBXSourcesBuildPhase section */
		52B7844D192FCB2C0013545F /* Sources */ = {
			isa = PBXSourcesBuildPhase;
			buildActionMask = 2147483647;
			files = (
				526F3F6319301077008305FF /* main.m in Sources */,
				52B7848D192FCD3A0013545F /* WPWelcomeViewController.m in Sources */,
				526F3F64193010C8008305FF /* WPLoginViewController.m in Sources */,
				52B78467192FCB2C0013545F /* WPAppDelegate.m in Sources */,
				52A92E4A1948F06900E6C87F /* WPMembersViewController.m in Sources */,
				52B7846A192FCB2C0013545F /* WhoPays_.xcdatamodeld in Sources */,
				52B784E119300E100013545F /* hmac.c in Sources */,
				52B784DF19300E100013545F /* NSURL+Base.m in Sources */,
				52B784E419300E100013545F /* OACall.m in Sources */,
				52B784EF19300E100013545F /* OATokenManager.m in Sources */,
				52B784E919300E100013545F /* OAPlaintextSignatureProvider.m in Sources */,
				52B784E819300E100013545F /* OAMutableURLRequest.m in Sources */,
				52B784EB19300E100013545F /* OARequestParameter.m in Sources */,
				52B784E219300E100013545F /* sha1.c in Sources */,
				52B784EE19300E100013545F /* OAToken.m in Sources */,
				52B784DD19300E100013545F /* NSMutableURLRequest+Parameters.m in Sources */,
				52B784EC19300E100013545F /* OAServiceTicket.m in Sources */,
				52B784E619300E100013545F /* OADataFetcher.m in Sources */,
				52D19C401947CAB400AB2964 /* WPGroupsViewController.m in Sources */,
				52B784EA19300E100013545F /* OAProblem.m in Sources */,
				52B784E519300E100013545F /* OAConsumer.m in Sources */,
				52B784E719300E100013545F /* OAHMAC_SHA1SignatureProvider.m in Sources */,
				52B784DE19300E100013545F /* NSString+URLEncoding.m in Sources */,
				52B784E019300E100013545F /* Base64Transcoder.c in Sources */,
				52B784E319300E100013545F /* OAAttachment.m in Sources */,
			);
			runOnlyForDeploymentPostprocessing = 0;
		};
		52B7846D192FCB2C0013545F /* Sources */ = {
			isa = PBXSourcesBuildPhase;
			buildActionMask = 2147483647;
			files = (
				52B78480192FCB2C0013545F /* WhoPays_Tests.m in Sources */,
			);
			runOnlyForDeploymentPostprocessing = 0;
		};
/* End PBXSourcesBuildPhase section */

/* Begin PBXTargetDependency section */
		52B78478192FCB2C0013545F /* PBXTargetDependency */ = {
			isa = PBXTargetDependency;
			target = 52B78450192FCB2C0013545F /* WhoPays? */;
			targetProxy = 52B78477192FCB2C0013545F /* PBXContainerItemProxy */;
		};
/* End PBXTargetDependency section */

/* Begin PBXVariantGroup section */
		52B7845F192FCB2C0013545F /* InfoPlist.strings */ = {
			isa = PBXVariantGroup;
			children = (
				52B78460192FCB2C0013545F /* en */,
			);
			name = InfoPlist.strings;
			sourceTree = "<group>";
		};
		52B7847C192FCB2C0013545F /* InfoPlist.strings */ = {
			isa = PBXVariantGroup;
			children = (
				52B7847D192FCB2C0013545F /* en */,
			);
			name = InfoPlist.strings;
			sourceTree = "<group>";
		};
/* End PBXVariantGroup section */

/* Begin XCBuildConfiguration section */
		52B78481192FCB2C0013545F /* Debug */ = {
			isa = XCBuildConfiguration;
			buildSettings = {
				ALWAYS_SEARCH_USER_PATHS = NO;
				ARCHS = "$(ARCHS_STANDARD_INCLUDING_64_BIT)";
				CLANG_CXX_LANGUAGE_STANDARD = "gnu++0x";
				CLANG_CXX_LIBRARY = "libc++";
				CLANG_ENABLE_MODULES = YES;
				CLANG_ENABLE_OBJC_ARC = YES;
				CLANG_WARN_BOOL_CONVERSION = YES;
				CLANG_WARN_CONSTANT_CONVERSION = YES;
				CLANG_WARN_DIRECT_OBJC_ISA_USAGE = YES_ERROR;
				CLANG_WARN_EMPTY_BODY = YES;
				CLANG_WARN_ENUM_CONVERSION = YES;
				CLANG_WARN_INT_CONVERSION = YES;
				CLANG_WARN_OBJC_ROOT_CLASS = YES_ERROR;
				CLANG_WARN__DUPLICATE_METHOD_MATCH = YES;
				"CODE_SIGN_IDENTITY[sdk=iphoneos*]" = "iPhone Developer";
				COPY_PHASE_STRIP = NO;
				GCC_C_LANGUAGE_STANDARD = gnu99;
				GCC_DYNAMIC_NO_PIC = NO;
				GCC_OPTIMIZATION_LEVEL = 0;
				GCC_PREPROCESSOR_DEFINITIONS = (
					"DEBUG=1",
					"$(inherited)",
				);
				GCC_SYMBOLS_PRIVATE_EXTERN = NO;
				GCC_WARN_64_TO_32_BIT_CONVERSION = YES;
				GCC_WARN_ABOUT_RETURN_TYPE = YES_ERROR;
				GCC_WARN_UNDECLARED_SELECTOR = YES;
				GCC_WARN_UNINITIALIZED_AUTOS = YES;
				GCC_WARN_UNUSED_FUNCTION = YES;
				GCC_WARN_UNUSED_VARIABLE = YES;
				IPHONEOS_DEPLOYMENT_TARGET = 7.0;
				ONLY_ACTIVE_ARCH = YES;
				SDKROOT = iphoneos;
			};
			name = Debug;
		};
		52B78482192FCB2C0013545F /* Release */ = {
			isa = XCBuildConfiguration;
			buildSettings = {
				ALWAYS_SEARCH_USER_PATHS = NO;
				ARCHS = "$(ARCHS_STANDARD_INCLUDING_64_BIT)";
				CLANG_CXX_LANGUAGE_STANDARD = "gnu++0x";
				CLANG_CXX_LIBRARY = "libc++";
				CLANG_ENABLE_MODULES = YES;
				CLANG_ENABLE_OBJC_ARC = YES;
				CLANG_WARN_BOOL_CONVERSION = YES;
				CLANG_WARN_CONSTANT_CONVERSION = YES;
				CLANG_WARN_DIRECT_OBJC_ISA_USAGE = YES_ERROR;
				CLANG_WARN_EMPTY_BODY = YES;
				CLANG_WARN_ENUM_CONVERSION = YES;
				CLANG_WARN_INT_CONVERSION = YES;
				CLANG_WARN_OBJC_ROOT_CLASS = YES_ERROR;
				CLANG_WARN__DUPLICATE_METHOD_MATCH = YES;
				"CODE_SIGN_IDENTITY[sdk=iphoneos*]" = "iPhone Developer";
				COPY_PHASE_STRIP = YES;
				ENABLE_NS_ASSERTIONS = NO;
				GCC_C_LANGUAGE_STANDARD = gnu99;
				GCC_WARN_64_TO_32_BIT_CONVERSION = YES;
				GCC_WARN_ABOUT_RETURN_TYPE = YES_ERROR;
				GCC_WARN_UNDECLARED_SELECTOR = YES;
				GCC_WARN_UNINITIALIZED_AUTOS = YES;
				GCC_WARN_UNUSED_FUNCTION = YES;
				GCC_WARN_UNUSED_VARIABLE = YES;
				IPHONEOS_DEPLOYMENT_TARGET = 7.0;
				SDKROOT = iphoneos;
				VALIDATE_PRODUCT = YES;
			};
			name = Release;
		};
		52B78484192FCB2C0013545F /* Debug */ = {
			isa = XCBuildConfiguration;
			buildSettings = {
				ASSETCATALOG_COMPILER_APPICON_NAME = AppIcon;
				ASSETCATALOG_COMPILER_LAUNCHIMAGE_NAME = LaunchImage;
				FRAMEWORK_SEARCH_PATHS = (
					"$(inherited)",
					"/Users/qatest108/Desktop/WhoPays?",
				);
				GCC_PRECOMPILE_PREFIX_HEADER = YES;
				GCC_PREFIX_HEADER = "WhoPays?/WhoPays?-Prefix.pch";
				INFOPLIST_FILE = "WhoPays?/WhoPays?-Info.plist";
				PRODUCT_NAME = "$(TARGET_NAME)";
				WRAPPER_EXTENSION = app;
			};
			name = Debug;
		};
		52B78485192FCB2C0013545F /* Release */ = {
			isa = XCBuildConfiguration;
			buildSettings = {
				ASSETCATALOG_COMPILER_APPICON_NAME = AppIcon;
				ASSETCATALOG_COMPILER_LAUNCHIMAGE_NAME = LaunchImage;
				FRAMEWORK_SEARCH_PATHS = (
					"$(inherited)",
					"/Users/qatest108/Desktop/WhoPays?",
				);
				GCC_PRECOMPILE_PREFIX_HEADER = YES;
				GCC_PREFIX_HEADER = "WhoPays?/WhoPays?-Prefix.pch";
				INFOPLIST_FILE = "WhoPays?/WhoPays?-Info.plist";
				PRODUCT_NAME = "$(TARGET_NAME)";
				WRAPPER_EXTENSION = app;
			};
			name = Release;
		};
		52B78487192FCB2C0013545F /* Debug */ = {
			isa = XCBuildConfiguration;
			buildSettings = {
				ARCHS = "$(ARCHS_STANDARD_INCLUDING_64_BIT)";
				BUNDLE_LOADER = "$(BUILT_PRODUCTS_DIR)/WhoPays?.app/WhoPays?";
				FRAMEWORK_SEARCH_PATHS = (
					"$(SDKROOT)/Developer/Library/Frameworks",
					"$(inherited)",
					"$(DEVELOPER_FRAMEWORKS_DIR)",
				);
				GCC_PRECOMPILE_PREFIX_HEADER = YES;
				GCC_PREFIX_HEADER = "WhoPays?/WhoPays?-Prefix.pch";
				GCC_PREPROCESSOR_DEFINITIONS = (
					"DEBUG=1",
					"$(inherited)",
				);
				INFOPLIST_FILE = "WhoPays?Tests/WhoPays?Tests-Info.plist";
				PRODUCT_NAME = "$(TARGET_NAME)";
				TEST_HOST = "$(BUNDLE_LOADER)";
				WRAPPER_EXTENSION = xctest;
			};
			name = Debug;
		};
		52B78488192FCB2C0013545F /* Release */ = {
			isa = XCBuildConfiguration;
			buildSettings = {
				ARCHS = "$(ARCHS_STANDARD_INCLUDING_64_BIT)";
				BUNDLE_LOADER = "$(BUILT_PRODUCTS_DIR)/WhoPays?.app/WhoPays?";
				FRAMEWORK_SEARCH_PATHS = (
					"$(SDKROOT)/Developer/Library/Frameworks",
					"$(inherited)",
					"$(DEVELOPER_FRAMEWORKS_DIR)",
				);
				GCC_PRECOMPILE_PREFIX_HEADER = YES;
				GCC_PREFIX_HEADER = "WhoPays?/WhoPays?-Prefix.pch";
				INFOPLIST_FILE = "WhoPays?Tests/WhoPays?Tests-Info.plist";
				PRODUCT_NAME = "$(TARGET_NAME)";
				TEST_HOST = "$(BUNDLE_LOADER)";
				WRAPPER_EXTENSION = xctest;
			};
			name = Release;
		};
/* End XCBuildConfiguration section */

/* Begin XCConfigurationList section */
		52B7844C192FCB2C0013545F /* Build configuration list for PBXProject "WhoPays?" */ = {
			isa = XCConfigurationList;
			buildConfigurations = (
				52B78481192FCB2C0013545F /* Debug */,
				52B78482192FCB2C0013545F /* Release */,
			);
			defaultConfigurationIsVisible = 0;
			defaultConfigurationName = Release;
		};
		52B78483192FCB2C0013545F /* Build configuration list for PBXNativeTarget "WhoPays?" */ = {
			isa = XCConfigurationList;
			buildConfigurations = (
				52B78484192FCB2C0013545F /* Debug */,
				52B78485192FCB2C0013545F /* Release */,
			);
			defaultConfigurationIsVisible = 0;
			defaultConfigurationName = Release;
		};
		52B78486192FCB2C0013545F /* Build configuration list for PBXNativeTarget "WhoPays?Tests" */ = {
			isa = XCConfigurationList;
			buildConfigurations = (
				52B78487192FCB2C0013545F /* Debug */,
				52B78488192FCB2C0013545F /* Release */,
			);
			defaultConfigurationIsVisible = 0;
			defaultConfigurationName = Release;
		};
/* End XCConfigurationList section */

/* Begin XCVersionGroup section */
		52B78468192FCB2C0013545F /* WhoPays_.xcdatamodeld */ = {
			isa = XCVersionGroup;
			children = (
				52B78469192FCB2C0013545F /* WhoPays_.xcdatamodel */,
			);
			currentVersion = 52B78469192FCB2C0013545F /* WhoPays_.xcdatamodel */;
			path = WhoPays_.xcdatamodeld;
			sourceTree = "<group>";
			versionGroupType = wrapper.xcdatamodel;
		};
/* End XCVersionGroup section */
	};
	rootObject = 52B78449192FCB2C0013545F /* Project object */;
}
